
Microsoft Visual Studio Solution File, Format Version 12.00
# Visual Studio Version 17
VisualStudioVersion = 17.1.32414.318
MinimumVisualStudioVersion = 10.0.40219.1
Project("{FAE04EC0-301F-11D3-BF4B-00C04F79EFBC}") = "Headcheck", "Headcheck\Headcheck.csproj", "{296A9522-D53E-46B6-BC9F-E67C5B3E6E02}"
EndProject
Global
	GlobalSection(SolutionConfigurationPlatforms) = preSolution
		Debug|Any CPU = Debug|Any CPU
		Release|Any CPU = Release|Any CPU
	EndGlobalSection
	GlobalSection(ProjectConfigurationPlatforms) = postSolution
		{296A9522-D53E-46B6-BC9F-E67C5B3E6E02}.Debug|Any CPU.ActiveCfg = Debug|Any CPU
		{296A9522-D53E-46B6-BC9F-E67C5B3E6E02}.Debug|Any CPU.Build.0 = Debug|Any CPU
		{296A9522-D53E-46B6-BC9F-E67C5B3E6E02}.Release|Any CPU.ActiveCfg = Release|Any CPU
		{296A9522-D53E-46B6-BC9F-E67C5B3E6E02}.Release|Any CPU.Build.0 = Release|Any CPU
	EndGlobalSection
	GlobalSection(SolutionProperties) = preSolution
		HideSolutionNode = FALSE
	EndGlobalSection
	GlobalSection(ExtensibilityGlobals) = postSolution
		SolutionGuid = {F10560D4-30A7-44EF-83B5-A9620BF55B38}
	EndGlobalSection
EndGlobal
